
Microsoft Visual Studio Solution File, Format Version 12.00
# Visual Studio Version 17
VisualStudioVersion = 17.3.32929.385
MinimumVisualStudioVersion = 10.0.40219.1
Project("{FAE04EC0-301F-11D3-BF4B-00C04F79EFBC}") = "RAA_QandA_221222", "RAA_QandA_221222.csproj", "{11FF42FA-0D15-4693-ABDE-642ED3888BF1}"
EndProject
Global
	GlobalSection(SolutionConfigurationPlatforms) = preSolution
		Debug|Any CPU = Debug|Any CPU
		Release|Any CPU = Release|Any CPU
	EndGlobalSection
	GlobalSection(ProjectConfigurationPlatforms) = postSolution
		{11FF42FA-0D15-4693-ABDE-642ED3888BF1}.Debug|Any CPU.ActiveCfg = Debug|Any CPU
		{11FF42FA-0D15-4693-ABDE-642ED3888BF1}.Debug|Any CPU.Build.0 = Debug|Any CPU
		{11FF42FA-0D15-4693-ABDE-642ED3888BF1}.Release|Any CPU.ActiveCfg = Release|Any CPU
		{11FF42FA-0D15-4693-ABDE-642ED3888BF1}.Release|Any CPU.Build.0 = Release|Any CPU
	EndGlobalSection
	GlobalSection(SolutionProperties) = preSolution
		HideSolutionNode = FALSE
	EndGlobalSection
	GlobalSection(ExtensibilityGlobals) = postSolution
		SolutionGuid = {F9F52AFB-2035-4FE5-B9B0-2111D69896E2}
	EndGlobalSection
EndGlobal
